
Microsoft Visual Studio Solution File, Format Version 12.00
# Visual Studio Version 17
VisualStudioVersion = 17.14.36811.4 d17.14
MinimumVisualStudioVersion = 10.0.40219.1
Project("{FAE04EC0-301F-11D3-BF4B-00C04F79EFBC}") = "CMS.Data", "CMS.Data\CMS.Data.csproj", "{35B300DF-D556-4C76-B062-B856F9DDD511}"
EndProject
Global
	GlobalSection(SolutionConfigurationPlatforms) = preSolution
		Debug|Any CPU = Debug|Any CPU
		Release|Any CPU = Release|Any CPU
	EndGlobalSection
	GlobalSection(ProjectConfigurationPlatforms) = postSolution
		{35B300DF-D556-4C76-B062-B856F9DDD511}.Debug|Any CPU.ActiveCfg = Debug|Any CPU
		{35B300DF-D556-4C76-B062-B856F9DDD511}.Debug|Any CPU.Build.0 = Debug|Any CPU
		{35B300DF-D556-4C76-B062-B856F9DDD511}.Release|Any CPU.ActiveCfg = Release|Any CPU
		{35B300DF-D556-4C76-B062-B856F9DDD511}.Release|Any CPU.Build.0 = Release|Any CPU
	EndGlobalSection
	GlobalSection(SolutionProperties) = preSolution
		HideSolutionNode = FALSE
	EndGlobalSection
	GlobalSection(ExtensibilityGlobals) = postSolution
		SolutionGuid = {5D73FDB7-5B87-4A9C-BA5B-2D026D462A48}
	EndGlobalSection
EndGlobal
